// !$*UTF8*$!
{
	archiveVersion = 1;
	classes = {
	};
	objectVersion = 50;
	objects = {

/* Begin PBXBuildFile section */
		07461EA824A6AF7300121352 /* AppDelegate.swift in Sources */ = {isa = PBXBuildFile; fileRef = 07461EA724A6AF7300121352 /* AppDelegate.swift */; };
		07461EAA24A6AF7300121352 /* SceneDelegate.swift in Sources */ = {isa = PBXBuildFile; fileRef = 07461EA924A6AF7300121352 /* SceneDelegate.swift */; };
		07461EAC24A6AF7300121352 /* ViewController.swift in Sources */ = {isa = PBXBuildFile; fileRef = 07461EAB24A6AF7300121352 /* ViewController.swift */; };
		07461EAF24A6AF7300121352 /* Main.storyboard in Resources */ = {isa = PBXBuildFile; fileRef = 07461EAD24A6AF7300121352 /* Main.storyboard */; };
		07461EB124A6AF7500121352 /* Assets.xcassets in Resources */ = {isa = PBXBuildFile; fileRef = 07461EB024A6AF7500121352 /* Assets.xcassets */; };
		07461EB424A6AF7500121352 /* LaunchScreen.storyboard in Resources */ = {isa = PBXBuildFile; fileRef = 07461EB224A6AF7500121352 /* LaunchScreen.storyboard */; };
		51E791F26A36EDCF29F23842 /* Pods_ExampleUIDropDown.framework in Frameworks */ = {isa = PBXBuildFile; fileRef = 12C8896397B838245B502EFD /* Pods_ExampleUIDropDown.framework */; };
/* End PBXBuildFile section */

/* Begin PBXFileReference section */
		07461EA424A6AF7300121352 /* ExampleUIDropDown.app */ = {isa = PBXFileReference; explicitFileType = wrapper.application; includeInIndex = 0; path = ExampleUIDropDown.app; sourceTree = BUILT_PRODUCTS_DIR; };
		07461EA724A6AF7300121352 /* AppDelegate.swift */ = {isa = PBXFileReference; lastKnownFileType = sourcecode.swift; path = AppDelegate.swift; sourceTree = "<group>"; };
		07461EA924A6AF7300121352 /* SceneDelegate.swift */ = {isa = PBXFileReference; lastKnownFileType = sourcecode.swift; path = SceneDelegate.swift; sourceTree = "<group>"; };
		07461EAB24A6AF7300121352 /* ViewController.swift */ = {isa = PBXFileReference; lastKnownFileType = sourcecode.swift; path = ViewController.swift; sourceTree = "<group>"; };
		07461EAE24A6AF7300121352 /* Base */ = {isa = PBXFileReference; lastKnownFileType = file.storyboard; name = Base; path = Base.lproj/Main.storyboard; sourceTree = "<group>"; };
		07461EB024A6AF7500121352 /* Assets.xcassets */ = {isa = PBXFileReference; lastKnownFileType = folder.assetcatalog; path = Assets.xcassets; sourceTree = "<group>"; };
		07461EB324A6AF7500121352 /* Base */ = {isa = PBXFileReference; lastKnownFileType = file.storyboard; name = Base; path = Base.lproj/LaunchScreen.storyboard; sourceTree = "<group>"; };
		07461EB524A6AF7500121352 /* Info.plist */ = {isa = PBXFileReference; lastKnownFileType = text.plist.xml; path = Info.plist; sourceTree = "<group>"; };
		12C8896397B838245B502EFD /* Pods_ExampleUIDropDown.framework */ = {isa = PBXFileReference; explicitFileType = wrapper.framework; includeInIndex = 0; path = Pods_ExampleUIDropDown.framework; sourceTree = BUILT_PRODUCTS_DIR; };
		D72CEBB0635C0664B65DCFDE /* Pods-ExampleUIDropDown.release.xcconfig */ = {isa = PBXFileReference; includeInIndex = 1; lastKnownFileType = text.xcconfig; name = "Pods-ExampleUIDropDown.release.xcconfig"; path = "Target Support Files/Pods-ExampleUIDropDown/Pods-ExampleUIDropDown.release.xcconfig"; sourceTree = "<group>"; };
		FD00FE598652CC66C21EAE8C /* Pods-ExampleUIDropDown.debug.xcconfig */ = {isa = PBXFileReference; includeInIndex = 1; lastKnownFileType = text.xcconfig; name = "Pods-ExampleUIDropDown.debug.xcconfig"; path = "Target Support Files/Pods-ExampleUIDropDown/Pods-ExampleUIDropDown.debug.xcconfig"; sourceTree = "<group>"; };
/* End PBXFileReference section */

/* Begin PBXFrameworksBuildPhase section */
		07461EA124A6AF7300121352 /* Frameworks */ = {
			isa = PBXFrameworksBuildPhase;
			buildActionMask = 2147483647;
			files = (
				51E791F26A36EDCF29F23842 /* Pods_ExampleUIDropDown.framework in Frameworks */,
			);
			runOnlyForDeploymentPostprocessing = 0;
		};
/* End PBXFrameworksBuildPhase section */

/* Begin PBXGroup section */
		07461E9B24A6AF7300121352 = {
			isa = PBXGroup;
			children = (
				07461EA624A6AF7300121352 /* ExampleUIDropDown */,
				07461EA524A6AF7300121352 /* Products */,
				C7AE7A44C057EFFAC87B306B /* Pods */,
				6DB4505EAEA979D99EFBF65D /* Frameworks */,
			);
			sourceTree = "<group>";
		};
		07461EA524A6AF7300121352 /* Products */ = {
			isa = PBXGroup;
			children = (
				07461EA424A6AF7300121352 /* ExampleUIDropDown.app */,
			);
			name = Products;
			sourceTree = "<group>";
		};
		07461EA624A6AF7300121352 /* ExampleUIDropDown */ = {
			isa = PBXGroup;
			children = (
				07461EA724A6AF7300121352 /* AppDelegate.swift */,
				07461EA924A6AF7300121352 /* SceneDelegate.swift */,
				07461EAB24A6AF7300121352 /* ViewController.swift */,
				07461EAD24A6AF7300121352 /* Main.storyboard */,
				07461EB024A6AF7500121352 /* Assets.xcassets */,
				07461EB224A6AF7500121352 /* LaunchScreen.storyboard */,
				07461EB524A6AF7500121352 /* Info.plist */,
			);
			path = ExampleUIDropDown;
			sourceTree = "<group>";
		};
		6DB4505EAEA979D99EFBF65D /* Frameworks */ = {
			isa = PBXGroup;
			children = (
				12C8896397B838245B502EFD /* Pods_ExampleUIDropDown.framework */,
			);
			name = Frameworks;
			sourceTree = "<group>";
		};
		C7AE7A44C057EFFAC87B306B /* Pods */ = {
			isa = PBXGroup;
			children = (
				FD00FE598652CC66C21EAE8C /* Pods-ExampleUIDropDown.debug.xcconfig */,
				D72CEBB0635C0664B65DCFDE /* Pods-ExampleUIDropDown.release.xcconfig */,
			);
			name = Pods;
			path = Pods;
			sourceTree = "<group>";
		};
/* End PBXGroup section */

/* Begin PBXNativeTarget section */
		07461EA324A6AF7300121352 /* ExampleUIDropDown */ = {
			isa = PBXNativeTarget;
			buildConfigurationList = 07461EB824A6AF7500121352 /* Build configuration list for PBXNativeTarget "ExampleUIDropDown" */;
			buildPhases = (
				A1852E1A4E4FDF5331F7C5A9 /* [CP] Check Pods Manifest.lock */,
				07461EA024A6AF7300121352 /* Sources */,
				07461EA124A6AF7300121352 /* Frameworks */,
				07461EA224A6AF7300121352 /* Resources */,
				BFB4958B22AF31DE4528BEBA /* [CP] Copy Pods Resources */,
			);
			buildRules = (
			);
			dependencies = (
			);
			name = ExampleUIDropDown;
			productName = ExampleUIDropDown;
			productReference = 07461EA424A6AF7300121352 /* ExampleUIDropDown.app */;
			productType = "com.apple.product-type.application";
		};
/* End PBXNativeTarget section */

/* Begin PBXProject section */
		07461E9C24A6AF7300121352 /* Project object */ = {
			isa = PBXProject;
			attributes = {
				LastSwiftUpdateCheck = 1140;
				LastUpgradeCheck = 1140;
				ORGANIZATIONNAME = CodeNationDev;
				TargetAttributes = {
					07461EA324A6AF7300121352 = {
						CreatedOnToolsVersion = 11.4.1;
					};
				};
			};
			buildConfigurationList = 07461E9F24A6AF7300121352 /* Build configuration list for PBXProject "ExampleUIDropDown" */;
			compatibilityVersion = "Xcode 9.3";
			developmentRegion = en;
			hasScannedForEncodings = 0;
			knownRegions = (
				en,
				Base,
			);
			mainGroup = 07461E9B24A6AF7300121352;
			productRefGroup = 07461EA524A6AF7300121352 /* Products */;
			projectDirPath = "";
			projectRoot = "";
			targets = (
				07461EA324A6AF7300121352 /* ExampleUIDropDown */,
			);
		};
/* End PBXProject section */

/* Begin PBXResourcesBuildPhase section */
		07461EA224A6AF7300121352 /* Resources */ = {
			isa = PBXResourcesBuildPhase;
			buildActionMask = 2147483647;
			files = (
				07461EB424A6AF7500121352 /* LaunchScreen.storyboard in Resources */,
				07461EB124A6AF7500121352 /* Assets.xcassets in Resources */,
				07461EAF24A6AF7300121352 /* Main.storyboard in Resources */,
			);
			runOnlyForDeploymentPostprocessing = 0;
		};
/* End PBXResourcesBuildPhase section */

/* Begin PBXShellScriptBuildPhase section */
		A1852E1A4E4FDF5331F7C5A9 /* [CP] Check Pods Manifest.lock */ = {
			isa = PBXShellScriptBuildPhase;
			buildActionMask = 2147483647;
			files = (
			);
			inputFileListPaths = (
			);
			inputPaths = (
				"${PODS_PODFILE_DIR_PATH}/Podfile.lock",
				"${PODS_ROOT}/Manifest.lock",
			);
			name = "[CP] Check Pods Manifest.lock";
			outputFileListPaths = (
			);
			outputPaths = (
				"$(DERIVED_FILE_DIR)/Pods-ExampleUIDropDown-checkManifestLockResult.txt",
			);
			runOnlyForDeploymentPostprocessing = 0;
			shellPath = /bin/sh;
			shellScript = "diff \"${PODS_PODFILE_DIR_PATH}/Podfile.lock\" \"${PODS_ROOT}/Manifest.lock\" > /dev/null\nif [ $? != 0 ] ; then\n    # print error to STDERR\n    echo \"error: The sandbox is not in sync with the Podfile.lock. Run 'pod install' or update your CocoaPods installation.\" >&2\n    exit 1\nfi\n# This output is used by Xcode 'outputs' to avoid re-running this script phase.\necho \"SUCCESS\" > \"${SCRIPT_OUTPUT_FILE_0}\"\n";
			showEnvVarsInLog = 0;
		};
		BFB4958B22AF31DE4528BEBA /* [CP] Copy Pods Resources */ = {
			isa = PBXShellScriptBuildPhase;
			buildActionMask = 2147483647;
			files = (
			);
			inputFileListPaths = (
			);
			name = "[CP] Copy Pods Resources";
			outputFileListPaths = (
			);
			runOnlyForDeploymentPostprocessing = 0;
			shellPath = /bin/sh;
			shellScript = "\"${PODS_ROOT}/Target Support Files/Pods-ExampleUIDropDown/Pods-ExampleUIDropDown-resources.sh\"\n";
			showEnvVarsInLog = 0;
		};
/* End PBXShellScriptBuildPhase section */

/* Begin PBXSourcesBuildPhase section */
		07461EA024A6AF7300121352 /* Sources */ = {
			isa = PBXSourcesBuildPhase;
			buildActionMask = 2147483647;
			files = (
				07461EAC24A6AF7300121352 /* ViewController.swift in Sources */,
				07461EA824A6AF7300121352 /* AppDelegate.swift in Sources */,
				07461EAA24A6AF7300121352 /* SceneDelegate.swift in Sources */,
			);
			runOnlyForDeploymentPostprocessing = 0;
		};
/* End PBXSourcesBuildPhase section */

/* Begin PBXVariantGroup section */
		07461EAD24A6AF7300121352 /* Main.storyboard */ = {
			isa = PBXVariantGroup;
			children = (
				07461EAE24A6AF7300121352 /* Base */,
			);
			name = Main.storyboard;
			sourceTree = "<group>";
		};
		07461EB224A6AF7500121352 /* LaunchScreen.storyboard */ = {
			isa = PBXVariantGroup;
			children = (
				07461EB324A6AF7500121352 /* Base */,
			);
			name = LaunchScreen.storyboard;
			sourceTree = "<group>";
		};
/* End PBXVariantGroup section */

/* Begin XCBuildConfiguration section */
		07461EB624A6AF7500121352 /* Debug */ = {
			isa = XCBuildConfiguration;
			buildSettings = {
				ALWAYS_SEARCH_USER_PATHS = NO;
				CLANG_ANALYZER_NONNULL = YES;
				CLANG_ANALYZER_NUMBER_OBJECT_CONVERSION = YES_AGGRESSIVE;
				CLANG_CXX_LANGUAGE_STANDARD = "gnu++14";
				CLANG_CXX_LIBRARY = "libc++";
				CLANG_ENABLE_MODULES = YES;
				CLANG_ENABLE_OBJC_ARC = YES;
				CLANG_ENABLE_OBJC_WEAK = YES;
				CLANG_WARN_BLOCK_CAPTURE_AUTORELEASING = YES;
				CLANG_WARN_BOOL_CONVERSION = YES;
				CLANG_WARN_COMMA = YES;
				CLANG_WARN_CONSTANT_CONVERSION = YES;
				CLANG_WARN_DEPRECATED_OBJC_IMPLEMENTATIONS = YES;
				CLANG_WARN_DIRECT_OBJC_ISA_USAGE = YES_ERROR;
				CLANG_WARN_DOCUMENTATION_COMMENTS = YES;
				CLANG_WARN_EMPTY_BODY = YES;
				CLANG_WARN_ENUM_CONVERSION = YES;
				CLANG_WARN_INFINITE_RECURSION = YES;
				CLANG_WARN_INT_CONVERSION = YES;
				CLANG_WARN_NON_LITERAL_NULL_CONVERSION = YES;
				CLANG_WARN_OBJC_IMPLICIT_RETAIN_SELF = YES;
				CLANG_WARN_OBJC_LITERAL_CONVERSION = YES;
				CLANG_WARN_OBJC_ROOT_CLASS = YES_ERROR;
				CLANG_WARN_RANGE_LOOP_ANALYSIS = YES;
				CLANG_WARN_STRICT_PROTOTYPES = YES;
				CLANG_WARN_SUSPICIOUS_MOVE = YES;
				CLANG_WARN_UNGUARDED_AVAILABILITY = YES_AGGRESSIVE;
				CLANG_WARN_UNREACHABLE_CODE = YES;
				CLANG_WARN__DUPLICATE_METHOD_MATCH = YES;
				COPY_PHASE_STRIP = NO;
				DEBUG_INFORMATION_FORMAT = dwarf;
				ENABLE_STRICT_OBJC_MSGSEND = YES;
				ENABLE_TESTABILITY = YES;
				GCC_C_LANGUAGE_STANDARD = gnu11;
				GCC_DYNAMIC_NO_PIC = NO;
				GCC_NO_COMMON_BLOCKS = YES;
				GCC_OPTIMIZATION_LEVEL = 0;
				GCC_PREPROCESSOR_DEFINITIONS = (
					"DEBUG=1",
					"$(inherited)",
				);
				GCC_WARN_64_TO_32_BIT_CONVERSION = YES;
				GCC_WARN_ABOUT_RETURN_TYPE = YES_ERROR;
				GCC_WARN_UNDECLARED_SELECTOR = YES;
				GCC_WARN_UNINITIALIZED_AUTOS = YES_AGGRESSIVE;
				GCC_WARN_UNUSED_FUNCTION = YES;
				GCC_WARN_UNUSED_VARIABLE = YES;
				IPHONEOS_DEPLOYMENT_TARGET = 13.4;
				MTL_ENABLE_DEBUG_INFO = INCLUDE_SOURCE;
				MTL_FAST_MATH = YES;
				ONLY_ACTIVE_ARCH = YES;
				SDKROOT = iphoneos;
				SWIFT_ACTIVE_COMPILATION_CONDITIONS = DEBUG;
				SWIFT_OPTIMIZATION_LEVEL = "-Onone";
			};
			name = Debug;
		};
		07461EB724A6AF7500121352 /* Release */ = {
			isa = XCBuildConfiguration;
			buildSettings = {
				ALWAYS_SEARCH_USER_PATHS = NO;
				CLANG_ANALYZER_NONNULL = YES;
				CLANG_ANALYZER_NUMBER_OBJECT_CONVERSION = YES_AGGRESSIVE;
				CLANG_CXX_LANGUAGE_STANDARD = "gnu++14";
				CLANG_CXX_LIBRARY = "libc++";
				CLANG_ENABLE_MODULES = YES;
				CLANG_ENABLE_OBJC_ARC = YES;
				CLANG_ENABLE_OBJC_WEAK = YES;
				CLANG_WARN_BLOCK_CAPTURE_AUTORELEASING = YES;
				CLANG_WARN_BOOL_CONVERSION = YES;
				CLANG_WARN_COMMA = YES;
				CLANG_WARN_CONSTANT_CONVERSION = YES;
				CLANG_WARN_DEPRECATED_OBJC_IMPLEMENTATIONS = YES;
				CLANG_WARN_DIRECT_OBJC_ISA_USAGE = YES_ERROR;
				CLANG_WARN_DOCUMENTATION_COMMENTS = YES;
				CLANG_WARN_EMPTY_BODY = YES;
				CLANG_WARN_ENUM_CONVERSION = YES;
				CLANG_WARN_INFINITE_RECURSION = YES;
				CLANG_WARN_INT_CONVERSION = YES;
				CLANG_WARN_NON_LITERAL_NULL_CONVERSION = YES;
				CLANG_WARN_OBJC_IMPLICIT_RETAIN_SELF = YES;
				CLANG_WARN_OBJC_LITERAL_CONVERSION = YES;
				CLANG_WARN_OBJC_ROOT_CLASS = YES_ERROR;
				CLANG_WARN_RANGE_LOOP_ANALYSIS = YES;
				CLANG_WARN_STRICT_PROTOTYPES = YES;
				CLANG_WARN_SUSPICIOUS_MOVE = YES;
				CLANG_WARN_UNGUARDED_AVAILABILITY = YES_AGGRESSIVE;
				CLANG_WARN_UNREACHABLE_CODE = YES;
				CLANG_WARN__DUPLICATE_METHOD_MATCH = YES;
				COPY_PHASE_STRIP = NO;
				DEBUG_INFORMATION_FORMAT = "dwarf-with-dsym";
				ENABLE_NS_ASSERTIONS = NO;
				ENABLE_STRICT_OBJC_MSGSEND = YES;
				GCC_C_LANGUAGE_STANDARD = gnu11;
				GCC_NO_COMMON_BLOCKS = YES;
				GCC_WARN_64_TO_32_BIT_CONVERSION = YES;
				GCC_WARN_ABOUT_RETURN_TYPE = YES_ERROR;
				GCC_WARN_UNDECLARED_SELECTOR = YES;
				GCC_WARN_UNINITIALIZED_AUTOS = YES_AGGRESSIVE;
				GCC_WARN_UNUSED_FUNCTION = YES;
				GCC_WARN_UNUSED_VARIABLE = YES;
				IPHONEOS_DEPLOYMENT_TARGET = 13.4;
				MTL_ENABLE_DEBUG_INFO = NO;
				MTL_FAST_MATH = YES;
				SDKROOT = iphoneos;
				SWIFT_COMPILATION_MODE = wholemodule;
				SWIFT_OPTIMIZATION_LEVEL = "-O";
				VALIDATE_PRODUCT = YES;
			};
			name = Release;
		};
		07461EB924A6AF7500121352 /* Debug */ = {
			isa = XCBuildConfiguration;
			baseConfigurationReference = FD00FE598652CC66C21EAE8C /* Pods-ExampleUIDropDown.debug.xcconfig */;
			buildSettings = {
				ASSETCATALOG_COMPILER_APPICON_NAME = AppIcon;
				CODE_SIGN_STYLE = Automatic;
				INFOPLIST_FILE = ExampleUIDropDown/Info.plist;
				LD_RUNPATH_SEARCH_PATHS = (
					"$(inherited)",
					"@executable_path/Frameworks",
				);
				PRODUCT_BUNDLE_IDENTIFIER = com.watchonlyplayground.ExampleUIDropDown;
				PRODUCT_NAME = "$(TARGET_NAME)";
				SWIFT_VERSION = 5.0;
				TARGETED_DEVICE_FAMILY = "1,2";
			};
			name = Debug;
		};
		07461EBA24A6AF7500121352 /* Release */ = {
			isa = XCBuildConfiguration;
			baseConfigurationReference = D72CEBB0635C0664B65DCFDE /* Pods-ExampleUIDropDown.release.xcconfig */;
			buildSettings = {
				ASSETCATALOG_COMPILER_APPICON_NAME = AppIcon;
				CODE_SIGN_STYLE = Automatic;
				INFOPLIST_FILE = ExampleUIDropDown/Info.plist;
				LD_RUNPATH_SEARCH_PATHS = (
					"$(inherited)",
					"@executable_path/Frameworks",
				);
				PRODUCT_BUNDLE_IDENTIFIER = com.watchonlyplayground.ExampleUIDropDown;
				PRODUCT_NAME = "$(TARGET_NAME)";
				SWIFT_VERSION = 5.0;
				TARGETED_DEVICE_FAMILY = "1,2";
			};
			name = Release;
		};
/* End XCBuildConfiguration section */

/* Begin XCConfigurationList section */
		07461E9F24A6AF7300121352 /* Build configuration list for PBXProject "ExampleUIDropDown" */ = {
			isa = XCConfigurationList;
			buildConfigurations = (
				07461EB624A6AF7500121352 /* Debug */,
				07461EB724A6AF7500121352 /* Release */,
			);
			defaultConfigurationIsVisible = 0;
			defaultConfigurationName = Release;
		};
		07461EB824A6AF7500121352 /* Build configuration list for PBXNativeTarget "ExampleUIDropDown" */ = {
			isa = XCConfigurationList;
			buildConfigurations = (
				07461EB924A6AF7500121352 /* Debug */,
				07461EBA24A6AF7500121352 /* Release */,
			);
			defaultConfigurationIsVisible = 0;
			defaultConfigurationName = Release;
		};
/* End XCConfigurationList section */
	};
	rootObject = 07461E9C24A6AF7300121352 /* Project object */;
}
